
Microsoft Visual Studio Solution File, Format Version 12.00
# Visual Studio Version 17
VisualStudioVersion = 17.0.31903.59
MinimumVisualStudioVersion = 10.0.40219.1
Project("{FAE04EC0-301F-11D3-BF4B-00C04F79EFBC}") = "UCHET", "UCHET_CS\UCHET.csproj", "{EEA624A6-B2BB-412D-963B-6B0E2DD08A88}"
EndProject
Project("{2150E333-8FDC-42A3-9474-1A3956D46DE8}") = "tests", "tests", "{67575B91-27A1-42D4-A316-BBC1386499EE}"
EndProject
Project("{FAE04EC0-301F-11D3-BF4B-00C04F79EFBC}") = "UCHET.Tests", "tests\UCHET.Tests\UCHET.Tests.csproj", "{02B545E0-6CED-4E97-A7A6-46DA6FF72CEF}"
EndProject
Global
	GlobalSection(SolutionConfigurationPlatforms) = preSolution
		Debug|Any CPU = Debug|Any CPU
		Release|Any CPU = Release|Any CPU
	EndGlobalSection
	GlobalSection(SolutionProperties) = preSolution
		HideSolutionNode = FALSE
	EndGlobalSection
	GlobalSection(ProjectConfigurationPlatforms) = postSolution
		{EEA624A6-B2BB-412D-963B-6B0E2DD08A88}.Debug|Any CPU.ActiveCfg = Debug|Any CPU
		{EEA624A6-B2BB-412D-963B-6B0E2DD08A88}.Debug|Any CPU.Build.0 = Debug|Any CPU
		{EEA624A6-B2BB-412D-963B-6B0E2DD08A88}.Release|Any CPU.ActiveCfg = Release|Any CPU
		{EEA624A6-B2BB-412D-963B-6B0E2DD08A88}.Release|Any CPU.Build.0 = Release|Any CPU
		{02B545E0-6CED-4E97-A7A6-46DA6FF72CEF}.Debug|Any CPU.ActiveCfg = Debug|Any CPU
		{02B545E0-6CED-4E97-A7A6-46DA6FF72CEF}.Debug|Any CPU.Build.0 = Debug|Any CPU
		{02B545E0-6CED-4E97-A7A6-46DA6FF72CEF}.Release|Any CPU.ActiveCfg = Release|Any CPU
		{02B545E0-6CED-4E97-A7A6-46DA6FF72CEF}.Release|Any CPU.Build.0 = Release|Any CPU
	EndGlobalSection
	GlobalSection(NestedProjects) = preSolution
		{02B545E0-6CED-4E97-A7A6-46DA6FF72CEF} = {67575B91-27A1-42D4-A316-BBC1386499EE}
	EndGlobalSection
EndGlobal
